
Microsoft Visual Studio Solution File, Format Version 12.00
# Visual Studio 15
VisualStudioVersion = 15.0.28307.1022
MinimumVisualStudioVersion = 10.0.40219.1
Project("{2150E333-8FDC-42A3-9474-1A3956D46DE8}") = "src", "src", "{A3C6B6F2-37D1-4EFF-969F-BB4B3DBF184F}"
EndProject
Project("{2150E333-8FDC-42A3-9474-1A3956D46DE8}") = "Test", "Test", "{6479103D-4421-494C-8470-6E1CC5C5ECAF}"
EndProject
Project("{2150E333-8FDC-42A3-9474-1A3956D46DE8}") = "Services", "Services", "{9DD0EF44-955A-4763-A9BC-C2502185C4B2}"
EndProject
Project("{2150E333-8FDC-42A3-9474-1A3956D46DE8}") = "Accounts", "Accounts", "{A9B0B03F-F932-4318-BFBC-60643BC211E9}"
EndProject
Project("{2150E333-8FDC-42A3-9474-1A3956D46DE8}") = "Loans", "Loans", "{AE56E419-C0C9-44A5-BD48-7DE0D85F17C7}"
EndProject
Project("{2150E333-8FDC-42A3-9474-1A3956D46DE8}") = "BuildingBlocks", "BuildingBlocks", "{2EBC410A-99E1-4725-BA90-A8F686318AD6}"
EndProject
Project("{2150E333-8FDC-42A3-9474-1A3956D46DE8}") = "ApiGateway", "ApiGateway", "{895F89A2-1FE3-442A-8151-7CE33946D73E}"
EndProject
Project("{2150E333-8FDC-42A3-9474-1A3956D46DE8}") = "configuration", "configuration", "{95DB03B1-242B-4E4A-A1BC-1C23C4B44B12}"
	ProjectSection(SolutionItems) = preProject
		src\ApiGateway\configuration\configuration.json = src\ApiGateway\configuration\configuration.json
	EndProjectSection
EndProject
Project("{9A19103F-16F7-4668-BE54-9A1E7A4F7556}") = "WebHost.Customization", "src\BuildingBlocks\WebHost.Customization\WebHost.Customization.csproj", "{2329906F-3BE4-43AF-8F1F-3C990247575C}"
EndProject
Project("{2150E333-8FDC-42A3-9474-1A3956D46DE8}") = "Identity", "Identity", "{8FDEF0BA-09F7-4190-BEAD-A51EC5CA3E8C}"
EndProject
Project("{9A19103F-16F7-4668-BE54-9A1E7A4F7556}") = "Accounts.Api", "src\Services\Accounts\Accounts.Api\Accounts.Api.csproj", "{C1DEDF88-682D-448D-A47F-8C44423B25EB}"
EndProject
Project("{9A19103F-16F7-4668-BE54-9A1E7A4F7556}") = "Identity.Api", "src\Services\Identity\Identity.Api\Identity.Api.csproj", "{44CE0E8A-015B-4B5F-BF69-99F82E5D5E7A}"
EndProject
Project("{9A19103F-16F7-4668-BE54-9A1E7A4F7556}") = "Loans.Api", "src\Services\Loans\Loans.Api\Loans.Api.csproj", "{99BE6DAF-B1C3-4045-96B4-25ED8975C40E}"
EndProject
Project("{E53339B2-1760-4266-BCC7-CA923CBCF16C}") = "docker-compose", "docker-compose.dcproj", "{B87921F8-3B1B-49A3-9BAD-AA0061AA2D94}"
EndProject
Project("{9A19103F-16F7-4668-BE54-9A1E7A4F7556}") = "OcelotApiGateway", "src\ApiGateway\OcelotApiGateway\OcelotApiGateway.csproj", "{F7BAE329-AC8A-4078-B2DA-A8E62068B9A1}"
EndProject
Project("{2150E333-8FDC-42A3-9474-1A3956D46DE8}") = "Docs", "Docs", "{792B53E1-0D90-49BA-BF01-E8A3D29392CE}"
EndProject
Global
	GlobalSection(SolutionConfigurationPlatforms) = preSolution
		Debug|Any CPU = Debug|Any CPU
		Release|Any CPU = Release|Any CPU
	EndGlobalSection
	GlobalSection(ProjectConfigurationPlatforms) = postSolution
		{2329906F-3BE4-43AF-8F1F-3C990247575C}.Debug|Any CPU.ActiveCfg = Debug|Any CPU
		{2329906F-3BE4-43AF-8F1F-3C990247575C}.Debug|Any CPU.Build.0 = Debug|Any CPU
		{2329906F-3BE4-43AF-8F1F-3C990247575C}.Release|Any CPU.ActiveCfg = Release|Any CPU
		{2329906F-3BE4-43AF-8F1F-3C990247575C}.Release|Any CPU.Build.0 = Release|Any CPU
		{C1DEDF88-682D-448D-A47F-8C44423B25EB}.Debug|Any CPU.ActiveCfg = Debug|Any CPU
		{C1DEDF88-682D-448D-A47F-8C44423B25EB}.Debug|Any CPU.Build.0 = Debug|Any CPU
		{C1DEDF88-682D-448D-A47F-8C44423B25EB}.Release|Any CPU.ActiveCfg = Release|Any CPU
		{C1DEDF88-682D-448D-A47F-8C44423B25EB}.Release|Any CPU.Build.0 = Release|Any CPU
		{44CE0E8A-015B-4B5F-BF69-99F82E5D5E7A}.Debug|Any CPU.ActiveCfg = Debug|Any CPU
		{44CE0E8A-015B-4B5F-BF69-99F82E5D5E7A}.Debug|Any CPU.Build.0 = Debug|Any CPU
		{44CE0E8A-015B-4B5F-BF69-99F82E5D5E7A}.Release|Any CPU.ActiveCfg = Release|Any CPU
		{44CE0E8A-015B-4B5F-BF69-99F82E5D5E7A}.Release|Any CPU.Build.0 = Release|Any CPU
		{99BE6DAF-B1C3-4045-96B4-25ED8975C40E}.Debug|Any CPU.ActiveCfg = Debug|Any CPU
		{99BE6DAF-B1C3-4045-96B4-25ED8975C40E}.Debug|Any CPU.Build.0 = Debug|Any CPU
		{99BE6DAF-B1C3-4045-96B4-25ED8975C40E}.Release|Any CPU.ActiveCfg = Release|Any CPU
		{99BE6DAF-B1C3-4045-96B4-25ED8975C40E}.Release|Any CPU.Build.0 = Release|Any CPU
		{B87921F8-3B1B-49A3-9BAD-AA0061AA2D94}.Debug|Any CPU.ActiveCfg = Debug|Any CPU
		{B87921F8-3B1B-49A3-9BAD-AA0061AA2D94}.Debug|Any CPU.Build.0 = Debug|Any CPU
		{B87921F8-3B1B-49A3-9BAD-AA0061AA2D94}.Release|Any CPU.ActiveCfg = Release|Any CPU
		{B87921F8-3B1B-49A3-9BAD-AA0061AA2D94}.Release|Any CPU.Build.0 = Release|Any CPU
		{F7BAE329-AC8A-4078-B2DA-A8E62068B9A1}.Debug|Any CPU.ActiveCfg = Debug|Any CPU
		{F7BAE329-AC8A-4078-B2DA-A8E62068B9A1}.Debug|Any CPU.Build.0 = Debug|Any CPU
		{F7BAE329-AC8A-4078-B2DA-A8E62068B9A1}.Release|Any CPU.ActiveCfg = Release|Any CPU
		{F7BAE329-AC8A-4078-B2DA-A8E62068B9A1}.Release|Any CPU.Build.0 = Release|Any CPU
	EndGlobalSection
	GlobalSection(SolutionProperties) = preSolution
		HideSolutionNode = FALSE
	EndGlobalSection
	GlobalSection(NestedProjects) = preSolution
		{9DD0EF44-955A-4763-A9BC-C2502185C4B2} = {A3C6B6F2-37D1-4EFF-969F-BB4B3DBF184F}
		{A9B0B03F-F932-4318-BFBC-60643BC211E9} = {9DD0EF44-955A-4763-A9BC-C2502185C4B2}
		{AE56E419-C0C9-44A5-BD48-7DE0D85F17C7} = {9DD0EF44-955A-4763-A9BC-C2502185C4B2}
		{2EBC410A-99E1-4725-BA90-A8F686318AD6} = {A3C6B6F2-37D1-4EFF-969F-BB4B3DBF184F}
		{895F89A2-1FE3-442A-8151-7CE33946D73E} = {A3C6B6F2-37D1-4EFF-969F-BB4B3DBF184F}
		{95DB03B1-242B-4E4A-A1BC-1C23C4B44B12} = {895F89A2-1FE3-442A-8151-7CE33946D73E}
		{2329906F-3BE4-43AF-8F1F-3C990247575C} = {2EBC410A-99E1-4725-BA90-A8F686318AD6}
		{8FDEF0BA-09F7-4190-BEAD-A51EC5CA3E8C} = {9DD0EF44-955A-4763-A9BC-C2502185C4B2}
		{C1DEDF88-682D-448D-A47F-8C44423B25EB} = {A9B0B03F-F932-4318-BFBC-60643BC211E9}
		{44CE0E8A-015B-4B5F-BF69-99F82E5D5E7A} = {8FDEF0BA-09F7-4190-BEAD-A51EC5CA3E8C}
		{99BE6DAF-B1C3-4045-96B4-25ED8975C40E} = {AE56E419-C0C9-44A5-BD48-7DE0D85F17C7}
		{F7BAE329-AC8A-4078-B2DA-A8E62068B9A1} = {895F89A2-1FE3-442A-8151-7CE33946D73E}
	EndGlobalSection
	GlobalSection(ExtensibilityGlobals) = postSolution
		SolutionGuid = {AD02F67A-9D17-4163-833C-D99A3A84FB7C}
	EndGlobalSection
EndGlobal
